
Microsoft Visual Studio Solution File, Format Version 12.00
# Visual Studio Version 16
VisualStudioVersion = 25.0.1706.9
MinimumVisualStudioVersion = 10.0.40219.1
Project("{FAE04EC0-301F-11D3-BF4B-00C04F79EFBC}") = "first_project", "first_project\first_project.csproj", "{07B3C3BF-7781-4F96-BE05-7CAEBFD5C854}"
EndProject
Global
	GlobalSection(SolutionConfigurationPlatforms) = preSolution
		Debug|Any CPU = Debug|Any CPU
		Release|Any CPU = Release|Any CPU
	EndGlobalSection
	GlobalSection(ProjectConfigurationPlatforms) = postSolution
		{07B3C3BF-7781-4F96-BE05-7CAEBFD5C854}.Debug|Any CPU.ActiveCfg = Debug|Any CPU
		{07B3C3BF-7781-4F96-BE05-7CAEBFD5C854}.Debug|Any CPU.Build.0 = Debug|Any CPU
		{07B3C3BF-7781-4F96-BE05-7CAEBFD5C854}.Release|Any CPU.ActiveCfg = Release|Any CPU
		{07B3C3BF-7781-4F96-BE05-7CAEBFD5C854}.Release|Any CPU.Build.0 = Release|Any CPU
	EndGlobalSection
	GlobalSection(SolutionProperties) = preSolution
		HideSolutionNode = FALSE
	EndGlobalSection
	GlobalSection(ExtensibilityGlobals) = postSolution
		SolutionGuid = {4AA23FF5-F774-48F0-8CD6-265D24343B85}
	EndGlobalSection
EndGlobal
